// !$*UTF8*$!
{
	archiveVersion = 1;
	classes = {
	};
	objectVersion = 56;
	objects = {

/* Begin PBXBuildFile section */
		3FB4731DA5FFC1DF68AE1341 /* Pods_Weather_App_Weather_AppUITests.framework in Frameworks */ = {isa = PBXBuildFile; fileRef = 3E6BF1D47F05ACAC8478FB47 /* Pods_Weather_App_Weather_AppUITests.framework */; };
		4AB7E1EB29CEF331009AB21B /* AppDelegate.swift in Sources */ = {isa = PBXBuildFile; fileRef = 4AB7E1EA29CEF331009AB21B /* AppDelegate.swift */; };
		4AB7E1ED29CEF331009AB21B /* SceneDelegate.swift in Sources */ = {isa = PBXBuildFile; fileRef = 4AB7E1EC29CEF331009AB21B /* SceneDelegate.swift */; };
		4AB7E1F229CEF331009AB21B /* Main.storyboard in Resources */ = {isa = PBXBuildFile; fileRef = 4AB7E1F029CEF331009AB21B /* Main.storyboard */; };
		4AB7E1F429CEF332009AB21B /* Assets.xcassets in Resources */ = {isa = PBXBuildFile; fileRef = 4AB7E1F329CEF332009AB21B /* Assets.xcassets */; };
		4AB7E1F729CEF332009AB21B /* LaunchScreen.storyboard in Resources */ = {isa = PBXBuildFile; fileRef = 4AB7E1F529CEF332009AB21B /* LaunchScreen.storyboard */; };
		4AB7E20229CEF332009AB21B /* Weather_AppTests.swift in Sources */ = {isa = PBXBuildFile; fileRef = 4AB7E20129CEF332009AB21B /* Weather_AppTests.swift */; };
		4AB7E20C29CEF332009AB21B /* Weather_AppUITests.swift in Sources */ = {isa = PBXBuildFile; fileRef = 4AB7E20B29CEF332009AB21B /* Weather_AppUITests.swift */; };
		4AB7E20E29CEF332009AB21B /* Weather_AppUITestsLaunchTests.swift in Sources */ = {isa = PBXBuildFile; fileRef = 4AB7E20D29CEF332009AB21B /* Weather_AppUITestsLaunchTests.swift */; };
		4AB7E21C29CEF547009AB21B /* GeoCodingModel.swift in Sources */ = {isa = PBXBuildFile; fileRef = 4AB7E21B29CEF547009AB21B /* GeoCodingModel.swift */; };
		4AB7E21F29CEF5BC009AB21B /* ApiCOnstants.swift in Sources */ = {isa = PBXBuildFile; fileRef = 4AB7E21E29CEF5BC009AB21B /* ApiCOnstants.swift */; };
		4AB7E22229CEF616009AB21B /* ApiManager.swift in Sources */ = {isa = PBXBuildFile; fileRef = 4AB7E22129CEF616009AB21B /* ApiManager.swift */; };
		4AB7E22629CEF7A7009AB21B /* CommonFunctionalities.swift in Sources */ = {isa = PBXBuildFile; fileRef = 4AB7E22529CEF7A7009AB21B /* CommonFunctionalities.swift */; };
		4AB7E22829CEF81E009AB21B /* CustomError.swift in Sources */ = {isa = PBXBuildFile; fileRef = 4AB7E22729CEF81E009AB21B /* CustomError.swift */; };
		4AB7E22A29CEF8E3009AB21B /* WeatherModel.swift in Sources */ = {isa = PBXBuildFile; fileRef = 4AB7E22929CEF8E3009AB21B /* WeatherModel.swift */; };
		4AB7E22C29CEFEE9009AB21B /* WeatherViewModel.swift in Sources */ = {isa = PBXBuildFile; fileRef = 4AB7E22B29CEFEE9009AB21B /* WeatherViewModel.swift */; };
		4AB7E22F29CF011A009AB21B /* GeoCodeResource.swift in Sources */ = {isa = PBXBuildFile; fileRef = 4AB7E22E29CF011A009AB21B /* GeoCodeResource.swift */; };
		4AB7E23129CF0BBA009AB21B /* WeatherInforesource.swift in Sources */ = {isa = PBXBuildFile; fileRef = 4AB7E23029CF0BBA009AB21B /* WeatherInforesource.swift */; };
		4AB7E23429CF1189009AB21B /* WeatherViewController.swift in Sources */ = {isa = PBXBuildFile; fileRef = 4AB7E23329CF1189009AB21B /* WeatherViewController.swift */; };
		4AB7E23629CF149B009AB21B /* KeyConstants.swift in Sources */ = {isa = PBXBuildFile; fileRef = 4AB7E23529CF149B009AB21B /* KeyConstants.swift */; };
		4AB7E23929CF2037009AB21B /* WeatherViewControllerExtension.swift in Sources */ = {isa = PBXBuildFile; fileRef = 4AB7E23829CF2037009AB21B /* WeatherViewControllerExtension.swift */; };
		4AB7E23C29CF4766009AB21B /* SearchValidation.swift in Sources */ = {isa = PBXBuildFile; fileRef = 4AB7E23B29CF4766009AB21B /* SearchValidation.swift */; };
		4AB7E23E29CF479A009AB21B /* SearchValidationResult.swift in Sources */ = {isa = PBXBuildFile; fileRef = 4AB7E23D29CF479A009AB21B /* SearchValidationResult.swift */; };
		4AB7E24029CF4E9F009AB21B /* SearchValidationTest.swift in Sources */ = {isa = PBXBuildFile; fileRef = 4AB7E23F29CF4E9F009AB21B /* SearchValidationTest.swift */; };
		4AC22F2F29CF56620028929A /* APIConstantsForUrlTestCases.swift in Sources */ = {isa = PBXBuildFile; fileRef = 4AC22F2E29CF56620028929A /* APIConstantsForUrlTestCases.swift */; };
		4AC22F3129CF5D330028929A /* CommonFunctionsTest.swift in Sources */ = {isa = PBXBuildFile; fileRef = 4AC22F3029CF5D330028929A /* CommonFunctionsTest.swift */; };
		68A182E86CB6989833BAA1EF /* Pods_Weather_App.framework in Frameworks */ = {isa = PBXBuildFile; fileRef = C817F7FC5CD5ADC92B8D4150 /* Pods_Weather_App.framework */; };
		87F0591649B9F220D8D6070D /* Pods_Weather_AppTests.framework in Frameworks */ = {isa = PBXBuildFile; fileRef = 1978A89D4F389992179E7BFF /* Pods_Weather_AppTests.framework */; };
/* End PBXBuildFile section */

/* Begin PBXContainerItemProxy section */
		4AB7E1FE29CEF332009AB21B /* PBXContainerItemProxy */ = {
			isa = PBXContainerItemProxy;
			containerPortal = 4AB7E1DF29CEF331009AB21B /* Project object */;
			proxyType = 1;
			remoteGlobalIDString = 4AB7E1E629CEF331009AB21B;
			remoteInfo = "Weather App";
		};
		4AB7E20829CEF332009AB21B /* PBXContainerItemProxy */ = {
			isa = PBXContainerItemProxy;
			containerPortal = 4AB7E1DF29CEF331009AB21B /* Project object */;
			proxyType = 1;
			remoteGlobalIDString = 4AB7E1E629CEF331009AB21B;
			remoteInfo = "Weather App";
		};
/* End PBXContainerItemProxy section */

/* Begin PBXFileReference section */
		1978A89D4F389992179E7BFF /* Pods_Weather_AppTests.framework */ = {isa = PBXFileReference; explicitFileType = wrapper.framework; includeInIndex = 0; path = Pods_Weather_AppTests.framework; sourceTree = BUILT_PRODUCTS_DIR; };
		3E6BF1D47F05ACAC8478FB47 /* Pods_Weather_App_Weather_AppUITests.framework */ = {isa = PBXFileReference; explicitFileType = wrapper.framework; includeInIndex = 0; path = Pods_Weather_App_Weather_AppUITests.framework; sourceTree = BUILT_PRODUCTS_DIR; };
		4AB7E1E729CEF331009AB21B /* Weather App.app */ = {isa = PBXFileReference; explicitFileType = wrapper.application; includeInIndex = 0; path = "Weather App.app"; sourceTree = BUILT_PRODUCTS_DIR; };
		4AB7E1EA29CEF331009AB21B /* AppDelegate.swift */ = {isa = PBXFileReference; lastKnownFileType = sourcecode.swift; path = AppDelegate.swift; sourceTree = "<group>"; };
		4AB7E1EC29CEF331009AB21B /* SceneDelegate.swift */ = {isa = PBXFileReference; lastKnownFileType = sourcecode.swift; path = SceneDelegate.swift; sourceTree = "<group>"; };
		4AB7E1F129CEF331009AB21B /* Base */ = {isa = PBXFileReference; lastKnownFileType = file.storyboard; name = Base; path = Base.lproj/Main.storyboard; sourceTree = "<group>"; };
		4AB7E1F329CEF332009AB21B /* Assets.xcassets */ = {isa = PBXFileReference; lastKnownFileType = folder.assetcatalog; path = Assets.xcassets; sourceTree = "<group>"; };
		4AB7E1F629CEF332009AB21B /* Base */ = {isa = PBXFileReference; lastKnownFileType = file.storyboard; name = Base; path = Base.lproj/LaunchScreen.storyboard; sourceTree = "<group>"; };
		4AB7E1F829CEF332009AB21B /* Info.plist */ = {isa = PBXFileReference; lastKnownFileType = text.plist.xml; path = Info.plist; sourceTree = "<group>"; };
		4AB7E1FD29CEF332009AB21B /* Weather AppTests.xctest */ = {isa = PBXFileReference; explicitFileType = wrapper.cfbundle; includeInIndex = 0; path = "Weather AppTests.xctest"; sourceTree = BUILT_PRODUCTS_DIR; };
		4AB7E20129CEF332009AB21B /* Weather_AppTests.swift */ = {isa = PBXFileReference; lastKnownFileType = sourcecode.swift; path = Weather_AppTests.swift; sourceTree = "<group>"; };
		4AB7E20729CEF332009AB21B /* Weather AppUITests.xctest */ = {isa = PBXFileReference; explicitFileType = wrapper.cfbundle; includeInIndex = 0; path = "Weather AppUITests.xctest"; sourceTree = BUILT_PRODUCTS_DIR; };
		4AB7E20B29CEF332009AB21B /* Weather_AppUITests.swift */ = {isa = PBXFileReference; lastKnownFileType = sourcecode.swift; path = Weather_AppUITests.swift; sourceTree = "<group>"; };
		4AB7E20D29CEF332009AB21B /* Weather_AppUITestsLaunchTests.swift */ = {isa = PBXFileReference; lastKnownFileType = sourcecode.swift; path = Weather_AppUITestsLaunchTests.swift; sourceTree = "<group>"; };
		4AB7E21B29CEF547009AB21B /* GeoCodingModel.swift */ = {isa = PBXFileReference; lastKnownFileType = sourcecode.swift; path = GeoCodingModel.swift; sourceTree = "<group>"; };
		4AB7E21E29CEF5BC009AB21B /* ApiCOnstants.swift */ = {isa = PBXFileReference; lastKnownFileType = sourcecode.swift; path = ApiCOnstants.swift; sourceTree = "<group>"; };
		4AB7E22129CEF616009AB21B /* ApiManager.swift */ = {isa = PBXFileReference; lastKnownFileType = sourcecode.swift; path = ApiManager.swift; sourceTree = "<group>"; };
		4AB7E22529CEF7A7009AB21B /* CommonFunctionalities.swift */ = {isa = PBXFileReference; lastKnownFileType = sourcecode.swift; path = CommonFunctionalities.swift; sourceTree = "<group>"; };
		4AB7E22729CEF81E009AB21B /* CustomError.swift */ = {isa = PBXFileReference; lastKnownFileType = sourcecode.swift; path = CustomError.swift; sourceTree = "<group>"; };
		4AB7E22929CEF8E3009AB21B /* WeatherModel.swift */ = {isa = PBXFileReference; lastKnownFileType = sourcecode.swift; path = WeatherModel.swift; sourceTree = "<group>"; };
		4AB7E22B29CEFEE9009AB21B /* WeatherViewModel.swift */ = {isa = PBXFileReference; lastKnownFileType = sourcecode.swift; path = WeatherViewModel.swift; sourceTree = "<group>"; };
		4AB7E22E29CF011A009AB21B /* GeoCodeResource.swift */ = {isa = PBXFileReference; lastKnownFileType = sourcecode.swift; path = GeoCodeResource.swift; sourceTree = "<group>"; };
		4AB7E23029CF0BBA009AB21B /* WeatherInforesource.swift */ = {isa = PBXFileReference; lastKnownFileType = sourcecode.swift; path = WeatherInforesource.swift; sourceTree = "<group>"; };
		4AB7E23329CF1189009AB21B /* WeatherViewController.swift */ = {isa = PBXFileReference; lastKnownFileType = sourcecode.swift; path = WeatherViewController.swift; sourceTree = "<group>"; };
		4AB7E23529CF149B009AB21B /* KeyConstants.swift */ = {isa = PBXFileReference; lastKnownFileType = sourcecode.swift; path = KeyConstants.swift; sourceTree = "<group>"; };
		4AB7E23829CF2037009AB21B /* WeatherViewControllerExtension.swift */ = {isa = PBXFileReference; lastKnownFileType = sourcecode.swift; path = WeatherViewControllerExtension.swift; sourceTree = "<group>"; };
		4AB7E23B29CF4766009AB21B /* SearchValidation.swift */ = {isa = PBXFileReference; lastKnownFileType = sourcecode.swift; path = SearchValidation.swift; sourceTree = "<group>"; };
		4AB7E23D29CF479A009AB21B /* SearchValidationResult.swift */ = {isa = PBXFileReference; lastKnownFileType = sourcecode.swift; path = SearchValidationResult.swift; sourceTree = "<group>"; };
		4AB7E23F29CF4E9F009AB21B /* SearchValidationTest.swift */ = {isa = PBXFileReference; lastKnownFileType = sourcecode.swift; path = SearchValidationTest.swift; sourceTree = "<group>"; };
		4AC22F2E29CF56620028929A /* APIConstantsForUrlTestCases.swift */ = {isa = PBXFileReference; lastKnownFileType = sourcecode.swift; path = APIConstantsForUrlTestCases.swift; sourceTree = "<group>"; };
		4AC22F3029CF5D330028929A /* CommonFunctionsTest.swift */ = {isa = PBXFileReference; lastKnownFileType = sourcecode.swift; path = CommonFunctionsTest.swift; sourceTree = "<group>"; };
		6C0EDBC0A1EB196926C78002 /* Pods-Weather App-Weather AppUITests.release.xcconfig */ = {isa = PBXFileReference; includeInIndex = 1; lastKnownFileType = text.xcconfig; name = "Pods-Weather App-Weather AppUITests.release.xcconfig"; path = "Target Support Files/Pods-Weather App-Weather AppUITests/Pods-Weather App-Weather AppUITests.release.xcconfig"; sourceTree = "<group>"; };
		77BA4FBAB3E56BD1DEAC4D54 /* Pods-Weather App.debug.xcconfig */ = {isa = PBXFileReference; includeInIndex = 1; lastKnownFileType = text.xcconfig; name = "Pods-Weather App.debug.xcconfig"; path = "Target Support Files/Pods-Weather App/Pods-Weather App.debug.xcconfig"; sourceTree = "<group>"; };
		B93DB452D591765F749439F3 /* Pods-Weather AppTests.release.xcconfig */ = {isa = PBXFileReference; includeInIndex = 1; lastKnownFileType = text.xcconfig; name = "Pods-Weather AppTests.release.xcconfig"; path = "Target Support Files/Pods-Weather AppTests/Pods-Weather AppTests.release.xcconfig"; sourceTree = "<group>"; };
		C817F7FC5CD5ADC92B8D4150 /* Pods_Weather_App.framework */ = {isa = PBXFileReference; explicitFileType = wrapper.framework; includeInIndex = 0; path = Pods_Weather_App.framework; sourceTree = BUILT_PRODUCTS_DIR; };
		DCAB56915E26C6261B9247DE /* Pods-Weather App-Weather AppUITests.debug.xcconfig */ = {isa = PBXFileReference; includeInIndex = 1; lastKnownFileType = text.xcconfig; name = "Pods-Weather App-Weather AppUITests.debug.xcconfig"; path = "Target Support Files/Pods-Weather App-Weather AppUITests/Pods-Weather App-Weather AppUITests.debug.xcconfig"; sourceTree = "<group>"; };
		E125B3744BA2AFADFC5B04B7 /* Pods-Weather App.release.xcconfig */ = {isa = PBXFileReference; includeInIndex = 1; lastKnownFileType = text.xcconfig; name = "Pods-Weather App.release.xcconfig"; path = "Target Support Files/Pods-Weather App/Pods-Weather App.release.xcconfig"; sourceTree = "<group>"; };
		F380B22E19C2BC7E5FE3B9B9 /* Pods-Weather AppTests.debug.xcconfig */ = {isa = PBXFileReference; includeInIndex = 1; lastKnownFileType = text.xcconfig; name = "Pods-Weather AppTests.debug.xcconfig"; path = "Target Support Files/Pods-Weather AppTests/Pods-Weather AppTests.debug.xcconfig"; sourceTree = "<group>"; };
/* End PBXFileReference section */

/* Begin PBXFrameworksBuildPhase section */
		4AB7E1E429CEF331009AB21B /* Frameworks */ = {
			isa = PBXFrameworksBuildPhase;
			buildActionMask = 2147483647;
			files = (
				68A182E86CB6989833BAA1EF /* Pods_Weather_App.framework in Frameworks */,
			);
			runOnlyForDeploymentPostprocessing = 0;
		};
		4AB7E1FA29CEF332009AB21B /* Frameworks */ = {
			isa = PBXFrameworksBuildPhase;
			buildActionMask = 2147483647;
			files = (
				87F0591649B9F220D8D6070D /* Pods_Weather_AppTests.framework in Frameworks */,
			);
			runOnlyForDeploymentPostprocessing = 0;
		};
		4AB7E20429CEF332009AB21B /* Frameworks */ = {
			isa = PBXFrameworksBuildPhase;
			buildActionMask = 2147483647;
			files = (
				3FB4731DA5FFC1DF68AE1341 /* Pods_Weather_App_Weather_AppUITests.framework in Frameworks */,
			);
			runOnlyForDeploymentPostprocessing = 0;
		};
/* End PBXFrameworksBuildPhase section */

/* Begin PBXGroup section */
		4AB7E1DE29CEF331009AB21B = {
			isa = PBXGroup;
			children = (
				4AB7E1E929CEF331009AB21B /* Weather App */,
				4AB7E20029CEF332009AB21B /* Weather AppTests */,
				4AB7E20A29CEF332009AB21B /* Weather AppUITests */,
				4AB7E1E829CEF331009AB21B /* Products */,
				D9AF36612FAC75935B18AA4B /* Pods */,
				7857F0CE9A55004362F7E527 /* Frameworks */,
			);
			sourceTree = "<group>";
		};
		4AB7E1E829CEF331009AB21B /* Products */ = {
			isa = PBXGroup;
			children = (
				4AB7E1E729CEF331009AB21B /* Weather App.app */,
				4AB7E1FD29CEF332009AB21B /* Weather AppTests.xctest */,
				4AB7E20729CEF332009AB21B /* Weather AppUITests.xctest */,
			);
			name = Products;
			sourceTree = "<group>";
		};
		4AB7E1E929CEF331009AB21B /* Weather App */ = {
			isa = PBXGroup;
			children = (
				4AB7E23A29CF475B009AB21B /* Validation */,
				4AB7E23229CF1178009AB21B /* Views */,
				4AB7E22D29CF010E009AB21B /* DataResources */,
				4AB7E22429CEF79A009AB21B /* Common */,
				4AB7E22329CEF794009AB21B /* ViewModel */,
				4AB7E22029CEF605009AB21B /* ApiManager */,
				4AB7E21D29CEF5B4009AB21B /* Constants */,
				4AB7E21A29CEF534009AB21B /* Models */,
				4AB7E1EA29CEF331009AB21B /* AppDelegate.swift */,
				4AB7E1EC29CEF331009AB21B /* SceneDelegate.swift */,
				4AB7E1F029CEF331009AB21B /* Main.storyboard */,
				4AB7E1F329CEF332009AB21B /* Assets.xcassets */,
				4AB7E1F529CEF332009AB21B /* LaunchScreen.storyboard */,
				4AB7E1F829CEF332009AB21B /* Info.plist */,
			);
			path = "Weather App";
			sourceTree = "<group>";
		};
		4AB7E20029CEF332009AB21B /* Weather AppTests */ = {
			isa = PBXGroup;
			children = (
				4AB7E20129CEF332009AB21B /* Weather_AppTests.swift */,
				4AB7E23F29CF4E9F009AB21B /* SearchValidationTest.swift */,
				4AC22F2E29CF56620028929A /* APIConstantsForUrlTestCases.swift */,
				4AC22F3029CF5D330028929A /* CommonFunctionsTest.swift */,
			);
			path = "Weather AppTests";
			sourceTree = "<group>";
		};
		4AB7E20A29CEF332009AB21B /* Weather AppUITests */ = {
			isa = PBXGroup;
			children = (
				4AB7E20B29CEF332009AB21B /* Weather_AppUITests.swift */,
				4AB7E20D29CEF332009AB21B /* Weather_AppUITestsLaunchTests.swift */,
			);
			path = "Weather AppUITests";
			sourceTree = "<group>";
		};
		4AB7E21A29CEF534009AB21B /* Models */ = {
			isa = PBXGroup;
			children = (
				4AB7E21B29CEF547009AB21B /* GeoCodingModel.swift */,
				4AB7E22929CEF8E3009AB21B /* WeatherModel.swift */,
			);
			path = Models;
			sourceTree = "<group>";
		};
		4AB7E21D29CEF5B4009AB21B /* Constants */ = {
			isa = PBXGroup;
			children = (
				4AB7E21E29CEF5BC009AB21B /* ApiCOnstants.swift */,
				4AB7E23529CF149B009AB21B /* KeyConstants.swift */,
			);
			path = Constants;
			sourceTree = "<group>";
		};
		4AB7E22029CEF605009AB21B /* ApiManager */ = {
			isa = PBXGroup;
			children = (
				4AB7E22129CEF616009AB21B /* ApiManager.swift */,
				4AB7E22729CEF81E009AB21B /* CustomError.swift */,
			);
			path = ApiManager;
			sourceTree = "<group>";
		};
		4AB7E22329CEF794009AB21B /* ViewModel */ = {
			isa = PBXGroup;
			children = (
				4AB7E22B29CEFEE9009AB21B /* WeatherViewModel.swift */,
			);
			path = ViewModel;
			sourceTree = "<group>";
		};
		4AB7E22429CEF79A009AB21B /* Common */ = {
			isa = PBXGroup;
			children = (
				4AB7E22529CEF7A7009AB21B /* CommonFunctionalities.swift */,
			);
			path = Common;
			sourceTree = "<group>";
		};
		4AB7E22D29CF010E009AB21B /* DataResources */ = {
			isa = PBXGroup;
			children = (
				4AB7E22E29CF011A009AB21B /* GeoCodeResource.swift */,
				4AB7E23029CF0BBA009AB21B /* WeatherInforesource.swift */,
			);
			path = DataResources;
			sourceTree = "<group>";
		};
		4AB7E23229CF1178009AB21B /* Views */ = {
			isa = PBXGroup;
			children = (
				4AB7E23729CF2025009AB21B /* Extensions */,
				4AB7E23329CF1189009AB21B /* WeatherViewController.swift */,
			);
			path = Views;
			sourceTree = "<group>";
		};
		4AB7E23729CF2025009AB21B /* Extensions */ = {
			isa = PBXGroup;
			children = (
				4AB7E23829CF2037009AB21B /* WeatherViewControllerExtension.swift */,
			);
			path = Extensions;
			sourceTree = "<group>";
		};
		4AB7E23A29CF475B009AB21B /* Validation */ = {
			isa = PBXGroup;
			children = (
				4AB7E23B29CF4766009AB21B /* SearchValidation.swift */,
				4AB7E23D29CF479A009AB21B /* SearchValidationResult.swift */,
			);
			path = Validation;
			sourceTree = "<group>";
		};
		7857F0CE9A55004362F7E527 /* Frameworks */ = {
			isa = PBXGroup;
			children = (
				C817F7FC5CD5ADC92B8D4150 /* Pods_Weather_App.framework */,
				3E6BF1D47F05ACAC8478FB47 /* Pods_Weather_App_Weather_AppUITests.framework */,
				1978A89D4F389992179E7BFF /* Pods_Weather_AppTests.framework */,
			);
			name = Frameworks;
			sourceTree = "<group>";
		};
		D9AF36612FAC75935B18AA4B /* Pods */ = {
			isa = PBXGroup;
			children = (
				77BA4FBAB3E56BD1DEAC4D54 /* Pods-Weather App.debug.xcconfig */,
				E125B3744BA2AFADFC5B04B7 /* Pods-Weather App.release.xcconfig */,
				DCAB56915E26C6261B9247DE /* Pods-Weather App-Weather AppUITests.debug.xcconfig */,
				6C0EDBC0A1EB196926C78002 /* Pods-Weather App-Weather AppUITests.release.xcconfig */,
				F380B22E19C2BC7E5FE3B9B9 /* Pods-Weather AppTests.debug.xcconfig */,
				B93DB452D591765F749439F3 /* Pods-Weather AppTests.release.xcconfig */,
			);
			path = Pods;
			sourceTree = "<group>";
		};
/* End PBXGroup section */

/* Begin PBXNativeTarget section */
		4AB7E1E629CEF331009AB21B /* Weather App */ = {
			isa = PBXNativeTarget;
			buildConfigurationList = 4AB7E21129CEF332009AB21B /* Build configuration list for PBXNativeTarget "Weather App" */;
			buildPhases = (
				CEE477CE0DAB61DA12C977AC /* [CP] Check Pods Manifest.lock */,
				4AB7E1E329CEF331009AB21B /* Sources */,
				4AB7E1E429CEF331009AB21B /* Frameworks */,
				4AB7E1E529CEF331009AB21B /* Resources */,
				28D6BDD45914C9F586291C02 /* [CP] Embed Pods Frameworks */,
			);
			buildRules = (
			);
			dependencies = (
			);
			name = "Weather App";
			productName = "Weather App";
			productReference = 4AB7E1E729CEF331009AB21B /* Weather App.app */;
			productType = "com.apple.product-type.application";
		};
		4AB7E1FC29CEF332009AB21B /* Weather AppTests */ = {
			isa = PBXNativeTarget;
			buildConfigurationList = 4AB7E21429CEF332009AB21B /* Build configuration list for PBXNativeTarget "Weather AppTests" */;
			buildPhases = (
				7ACB5C654259E937202B45CE /* [CP] Check Pods Manifest.lock */,
				4AB7E1F929CEF332009AB21B /* Sources */,
				4AB7E1FA29CEF332009AB21B /* Frameworks */,
				4AB7E1FB29CEF332009AB21B /* Resources */,
			);
			buildRules = (
			);
			dependencies = (
				4AB7E1FF29CEF332009AB21B /* PBXTargetDependency */,
			);
			name = "Weather AppTests";
			productName = "Weather AppTests";
			productReference = 4AB7E1FD29CEF332009AB21B /* Weather AppTests.xctest */;
			productType = "com.apple.product-type.bundle.unit-test";
		};
		4AB7E20629CEF332009AB21B /* Weather AppUITests */ = {
			isa = PBXNativeTarget;
			buildConfigurationList = 4AB7E21729CEF332009AB21B /* Build configuration list for PBXNativeTarget "Weather AppUITests" */;
			buildPhases = (
				14C9B482FD33719BB2494C6F /* [CP] Check Pods Manifest.lock */,
				4AB7E20329CEF332009AB21B /* Sources */,
				4AB7E20429CEF332009AB21B /* Frameworks */,
				4AB7E20529CEF332009AB21B /* Resources */,
				DFA2DCBC5B30EC7565EC1C8A /* [CP] Embed Pods Frameworks */,
			);
			buildRules = (
			);
			dependencies = (
				4AB7E20929CEF332009AB21B /* PBXTargetDependency */,
			);
			name = "Weather AppUITests";
			productName = "Weather AppUITests";
			productReference = 4AB7E20729CEF332009AB21B /* Weather AppUITests.xctest */;
			productType = "com.apple.product-type.bundle.ui-testing";
		};
/* End PBXNativeTarget section */

/* Begin PBXProject section */
		4AB7E1DF29CEF331009AB21B /* Project object */ = {
			isa = PBXProject;
			attributes = {
				BuildIndependentTargetsInParallel = 1;
				LastSwiftUpdateCheck = 1420;
				LastUpgradeCheck = 1420;
				TargetAttributes = {
					4AB7E1E629CEF331009AB21B = {
						CreatedOnToolsVersion = 14.2;
					};
					4AB7E1FC29CEF332009AB21B = {
						CreatedOnToolsVersion = 14.2;
						TestTargetID = 4AB7E1E629CEF331009AB21B;
					};
					4AB7E20629CEF332009AB21B = {
						CreatedOnToolsVersion = 14.2;
						TestTargetID = 4AB7E1E629CEF331009AB21B;
					};
				};
			};
			buildConfigurationList = 4AB7E1E229CEF331009AB21B /* Build configuration list for PBXProject "Weather App" */;
			compatibilityVersion = "Xcode 14.0";
			developmentRegion = en;
			hasScannedForEncodings = 0;
			knownRegions = (
				en,
				Base,
			);
			mainGroup = 4AB7E1DE29CEF331009AB21B;
			productRefGroup = 4AB7E1E829CEF331009AB21B /* Products */;
			projectDirPath = "";
			projectRoot = "";
			targets = (
				4AB7E1E629CEF331009AB21B /* Weather App */,
				4AB7E1FC29CEF332009AB21B /* Weather AppTests */,
				4AB7E20629CEF332009AB21B /* Weather AppUITests */,
			);
		};
/* End PBXProject section */

/* Begin PBXResourcesBuildPhase section */
		4AB7E1E529CEF331009AB21B /* Resources */ = {
			isa = PBXResourcesBuildPhase;
			buildActionMask = 2147483647;
			files = (
				4AB7E1F729CEF332009AB21B /* LaunchScreen.storyboard in Resources */,
				4AB7E1F429CEF332009AB21B /* Assets.xcassets in Resources */,
				4AB7E1F229CEF331009AB21B /* Main.storyboard in Resources */,
			);
			runOnlyForDeploymentPostprocessing = 0;
		};
		4AB7E1FB29CEF332009AB21B /* Resources */ = {
			isa = PBXResourcesBuildPhase;
			buildActionMask = 2147483647;
			files = (
			);
			runOnlyForDeploymentPostprocessing = 0;
		};
		4AB7E20529CEF332009AB21B /* Resources */ = {
			isa = PBXResourcesBuildPhase;
			buildActionMask = 2147483647;
			files = (
			);
			runOnlyForDeploymentPostprocessing = 0;
		};
/* End PBXResourcesBuildPhase section */

/* Begin PBXShellScriptBuildPhase section */
		14C9B482FD33719BB2494C6F /* [CP] Check Pods Manifest.lock */ = {
			isa = PBXShellScriptBuildPhase;
			buildActionMask = 2147483647;
			files = (
			);
			inputFileListPaths = (
			);
			inputPaths = (
				"${PODS_PODFILE_DIR_PATH}/Podfile.lock",
				"${PODS_ROOT}/Manifest.lock",
			);
			name = "[CP] Check Pods Manifest.lock";
			outputFileListPaths = (
			);
			outputPaths = (
				"$(DERIVED_FILE_DIR)/Pods-Weather App-Weather AppUITests-checkManifestLockResult.txt",
			);
			runOnlyForDeploymentPostprocessing = 0;
			shellPath = /bin/sh;
			shellScript = "diff \"${PODS_PODFILE_DIR_PATH}/Podfile.lock\" \"${PODS_ROOT}/Manifest.lock\" > /dev/null\nif [ $? != 0 ] ; then\n    # print error to STDERR\n    echo \"error: The sandbox is not in sync with the Podfile.lock. Run 'pod install' or update your CocoaPods installation.\" >&2\n    exit 1\nfi\n# This output is used by Xcode 'outputs' to avoid re-running this script phase.\necho \"SUCCESS\" > \"${SCRIPT_OUTPUT_FILE_0}\"\n";
			showEnvVarsInLog = 0;
		};
		28D6BDD45914C9F586291C02 /* [CP] Embed Pods Frameworks */ = {
			isa = PBXShellScriptBuildPhase;
			buildActionMask = 2147483647;
			files = (
			);
			inputFileListPaths = (
				"${PODS_ROOT}/Target Support Files/Pods-Weather App/Pods-Weather App-frameworks-${CONFIGURATION}-input-files.xcfilelist",
			);
			name = "[CP] Embed Pods Frameworks";
			outputFileListPaths = (
				"${PODS_ROOT}/Target Support Files/Pods-Weather App/Pods-Weather App-frameworks-${CONFIGURATION}-output-files.xcfilelist",
			);
			runOnlyForDeploymentPostprocessing = 0;
			shellPath = /bin/sh;
			shellScript = "\"${PODS_ROOT}/Target Support Files/Pods-Weather App/Pods-Weather App-frameworks.sh\"\n";
			showEnvVarsInLog = 0;
		};
		7ACB5C654259E937202B45CE /* [CP] Check Pods Manifest.lock */ = {
			isa = PBXShellScriptBuildPhase;
			buildActionMask = 2147483647;
			files = (
			);
			inputFileListPaths = (
			);
			inputPaths = (
				"${PODS_PODFILE_DIR_PATH}/Podfile.lock",
				"${PODS_ROOT}/Manifest.lock",
			);
			name = "[CP] Check Pods Manifest.lock";
			outputFileListPaths = (
			);
			outputPaths = (
				"$(DERIVED_FILE_DIR)/Pods-Weather AppTests-checkManifestLockResult.txt",
			);
			runOnlyForDeploymentPostprocessing = 0;
			shellPath = /bin/sh;
			shellScript = "diff \"${PODS_PODFILE_DIR_PATH}/Podfile.lock\" \"${PODS_ROOT}/Manifest.lock\" > /dev/null\nif [ $? != 0 ] ; then\n    # print error to STDERR\n    echo \"error: The sandbox is not in sync with the Podfile.lock. Run 'pod install' or update your CocoaPods installation.\" >&2\n    exit 1\nfi\n# This output is used by Xcode 'outputs' to avoid re-running this script phase.\necho \"SUCCESS\" > \"${SCRIPT_OUTPUT_FILE_0}\"\n";
			showEnvVarsInLog = 0;
		};
		CEE477CE0DAB61DA12C977AC /* [CP] Check Pods Manifest.lock */ = {
			isa = PBXShellScriptBuildPhase;
			buildActionMask = 2147483647;
			files = (
			);
			inputFileListPaths = (
			);
			inputPaths = (
				"${PODS_PODFILE_DIR_PATH}/Podfile.lock",
				"${PODS_ROOT}/Manifest.lock",
			);
			name = "[CP] Check Pods Manifest.lock";
			outputFileListPaths = (
			);
			outputPaths = (
				"$(DERIVED_FILE_DIR)/Pods-Weather App-checkManifestLockResult.txt",
			);
			runOnlyForDeploymentPostprocessing = 0;
			shellPath = /bin/sh;
			shellScript = "diff \"${PODS_PODFILE_DIR_PATH}/Podfile.lock\" \"${PODS_ROOT}/Manifest.lock\" > /dev/null\nif [ $? != 0 ] ; then\n    # print error to STDERR\n    echo \"error: The sandbox is not in sync with the Podfile.lock. Run 'pod install' or update your CocoaPods installation.\" >&2\n    exit 1\nfi\n# This output is used by Xcode 'outputs' to avoid re-running this script phase.\necho \"SUCCESS\" > \"${SCRIPT_OUTPUT_FILE_0}\"\n";
			showEnvVarsInLog = 0;
		};
		DFA2DCBC5B30EC7565EC1C8A /* [CP] Embed Pods Frameworks */ = {
			isa = PBXShellScriptBuildPhase;
			buildActionMask = 2147483647;
			files = (
			);
			inputFileListPaths = (
				"${PODS_ROOT}/Target Support Files/Pods-Weather App-Weather AppUITests/Pods-Weather App-Weather AppUITests-frameworks-${CONFIGURATION}-input-files.xcfilelist",
			);
			name = "[CP] Embed Pods Frameworks";
			outputFileListPaths = (
				"${PODS_ROOT}/Target Support Files/Pods-Weather App-Weather AppUITests/Pods-Weather App-Weather AppUITests-frameworks-${CONFIGURATION}-output-files.xcfilelist",
			);
			runOnlyForDeploymentPostprocessing = 0;
			shellPath = /bin/sh;
			shellScript = "\"${PODS_ROOT}/Target Support Files/Pods-Weather App-Weather AppUITests/Pods-Weather App-Weather AppUITests-frameworks.sh\"\n";
			showEnvVarsInLog = 0;
		};
/* End PBXShellScriptBuildPhase section */

/* Begin PBXSourcesBuildPhase section */
		4AB7E1E329CEF331009AB21B /* Sources */ = {
			isa = PBXSourcesBuildPhase;
			buildActionMask = 2147483647;
			files = (
				4AB7E23C29CF4766009AB21B /* SearchValidation.swift in Sources */,
				4AB7E22829CEF81E009AB21B /* CustomError.swift in Sources */,
				4AB7E1EB29CEF331009AB21B /* AppDelegate.swift in Sources */,
				4AB7E1ED29CEF331009AB21B /* SceneDelegate.swift in Sources */,
				4AB7E23429CF1189009AB21B /* WeatherViewController.swift in Sources */,
				4AB7E22A29CEF8E3009AB21B /* WeatherModel.swift in Sources */,
				4AB7E22C29CEFEE9009AB21B /* WeatherViewModel.swift in Sources */,
				4AB7E23E29CF479A009AB21B /* SearchValidationResult.swift in Sources */,
				4AB7E21F29CEF5BC009AB21B /* ApiCOnstants.swift in Sources */,
				4AB7E22229CEF616009AB21B /* ApiManager.swift in Sources */,
				4AB7E23129CF0BBA009AB21B /* WeatherInforesource.swift in Sources */,
				4AB7E21C29CEF547009AB21B /* GeoCodingModel.swift in Sources */,
				4AB7E23629CF149B009AB21B /* KeyConstants.swift in Sources */,
				4AB7E22629CEF7A7009AB21B /* CommonFunctionalities.swift in Sources */,
				4AB7E22F29CF011A009AB21B /* GeoCodeResource.swift in Sources */,
				4AB7E23929CF2037009AB21B /* WeatherViewControllerExtension.swift in Sources */,
			);
			runOnlyForDeploymentPostprocessing = 0;
		};
		4AB7E1F929CEF332009AB21B /* Sources */ = {
			isa = PBXSourcesBuildPhase;
			buildActionMask = 2147483647;
			files = (
				4AB7E24029CF4E9F009AB21B /* SearchValidationTest.swift in Sources */,
				4AC22F2F29CF56620028929A /* APIConstantsForUrlTestCases.swift in Sources */,
				4AC22F3129CF5D330028929A /* CommonFunctionsTest.swift in Sources */,
				4AB7E20229CEF332009AB21B /* Weather_AppTests.swift in Sources */,
			);
			runOnlyForDeploymentPostprocessing = 0;
		};
		4AB7E20329CEF332009AB21B /* Sources */ = {
			isa = PBXSourcesBuildPhase;
			buildActionMask = 2147483647;
			files = (
				4AB7E20C29CEF332009AB21B /* Weather_AppUITests.swift in Sources */,
				4AB7E20E29CEF332009AB21B /* Weather_AppUITestsLaunchTests.swift in Sources */,
			);
			runOnlyForDeploymentPostprocessing = 0;
		};
/* End PBXSourcesBuildPhase section */

/* Begin PBXTargetDependency section */
		4AB7E1FF29CEF332009AB21B /* PBXTargetDependency */ = {
			isa = PBXTargetDependency;
			target = 4AB7E1E629CEF331009AB21B /* Weather App */;
			targetProxy = 4AB7E1FE29CEF332009AB21B /* PBXContainerItemProxy */;
		};
		4AB7E20929CEF332009AB21B /* PBXTargetDependency */ = {
			isa = PBXTargetDependency;
			target = 4AB7E1E629CEF331009AB21B /* Weather App */;
			targetProxy = 4AB7E20829CEF332009AB21B /* PBXContainerItemProxy */;
		};
/* End PBXTargetDependency section */

/* Begin PBXVariantGroup section */
		4AB7E1F029CEF331009AB21B /* Main.storyboard */ = {
			isa = PBXVariantGroup;
			children = (
				4AB7E1F129CEF331009AB21B /* Base */,
			);
			name = Main.storyboard;
			sourceTree = "<group>";
		};
		4AB7E1F529CEF332009AB21B /* LaunchScreen.storyboard */ = {
			isa = PBXVariantGroup;
			children = (
				4AB7E1F629CEF332009AB21B /* Base */,
			);
			name = LaunchScreen.storyboard;
			sourceTree = "<group>";
		};
/* End PBXVariantGroup section */

/* Begin XCBuildConfiguration section */
		4AB7E20F29CEF332009AB21B /* Debug */ = {
			isa = XCBuildConfiguration;
			buildSettings = {
				ALWAYS_SEARCH_USER_PATHS = NO;
				CLANG_ANALYZER_NONNULL = YES;
				CLANG_ANALYZER_NUMBER_OBJECT_CONVERSION = YES_AGGRESSIVE;
				CLANG_CXX_LANGUAGE_STANDARD = "gnu++20";
				CLANG_ENABLE_MODULES = YES;
				CLANG_ENABLE_OBJC_ARC = YES;
				CLANG_ENABLE_OBJC_WEAK = YES;
				CLANG_WARN_BLOCK_CAPTURE_AUTORELEASING = YES;
				CLANG_WARN_BOOL_CONVERSION = YES;
				CLANG_WARN_COMMA = YES;
				CLANG_WARN_CONSTANT_CONVERSION = YES;
				CLANG_WARN_DEPRECATED_OBJC_IMPLEMENTATIONS = YES;
				CLANG_WARN_DIRECT_OBJC_ISA_USAGE = YES_ERROR;
				CLANG_WARN_DOCUMENTATION_COMMENTS = YES;
				CLANG_WARN_EMPTY_BODY = YES;
				CLANG_WARN_ENUM_CONVERSION = YES;
				CLANG_WARN_INFINITE_RECURSION = YES;
				CLANG_WARN_INT_CONVERSION = YES;
				CLANG_WARN_NON_LITERAL_NULL_CONVERSION = YES;
				CLANG_WARN_OBJC_IMPLICIT_RETAIN_SELF = YES;
				CLANG_WARN_OBJC_LITERAL_CONVERSION = YES;
				CLANG_WARN_OBJC_ROOT_CLASS = YES_ERROR;
				CLANG_WARN_QUOTED_INCLUDE_IN_FRAMEWORK_HEADER = YES;
				CLANG_WARN_RANGE_LOOP_ANALYSIS = YES;
				CLANG_WARN_STRICT_PROTOTYPES = YES;
				CLANG_WARN_SUSPICIOUS_MOVE = YES;
				CLANG_WARN_UNGUARDED_AVAILABILITY = YES_AGGRESSIVE;
				CLANG_WARN_UNREACHABLE_CODE = YES;
				CLANG_WARN__DUPLICATE_METHOD_MATCH = YES;
				COPY_PHASE_STRIP = NO;
				DEBUG_INFORMATION_FORMAT = dwarf;
				ENABLE_STRICT_OBJC_MSGSEND = YES;
				ENABLE_TESTABILITY = YES;
				GCC_C_LANGUAGE_STANDARD = gnu11;
				GCC_DYNAMIC_NO_PIC = NO;
				GCC_NO_COMMON_BLOCKS = YES;
				GCC_OPTIMIZATION_LEVEL = 0;
				GCC_PREPROCESSOR_DEFINITIONS = (
					"DEBUG=1",
					"$(inherited)",
				);
				GCC_WARN_64_TO_32_BIT_CONVERSION = YES;
				GCC_WARN_ABOUT_RETURN_TYPE = YES_ERROR;
				GCC_WARN_UNDECLARED_SELECTOR = YES;
				GCC_WARN_UNINITIALIZED_AUTOS = YES_AGGRESSIVE;
				GCC_WARN_UNUSED_FUNCTION = YES;
				GCC_WARN_UNUSED_VARIABLE = YES;
				IPHONEOS_DEPLOYMENT_TARGET = 16.2;
				MTL_ENABLE_DEBUG_INFO = INCLUDE_SOURCE;
				MTL_FAST_MATH = YES;
				ONLY_ACTIVE_ARCH = YES;
				SDKROOT = iphoneos;
				SWIFT_ACTIVE_COMPILATION_CONDITIONS = DEBUG;
				SWIFT_OPTIMIZATION_LEVEL = "-Onone";
			};
			name = Debug;
		};
		4AB7E21029CEF332009AB21B /* Release */ = {
			isa = XCBuildConfiguration;
			buildSettings = {
				ALWAYS_SEARCH_USER_PATHS = NO;
				CLANG_ANALYZER_NONNULL = YES;
				CLANG_ANALYZER_NUMBER_OBJECT_CONVERSION = YES_AGGRESSIVE;
				CLANG_CXX_LANGUAGE_STANDARD = "gnu++20";
				CLANG_ENABLE_MODULES = YES;
				CLANG_ENABLE_OBJC_ARC = YES;
				CLANG_ENABLE_OBJC_WEAK = YES;
				CLANG_WARN_BLOCK_CAPTURE_AUTORELEASING = YES;
				CLANG_WARN_BOOL_CONVERSION = YES;
				CLANG_WARN_COMMA = YES;
				CLANG_WARN_CONSTANT_CONVERSION = YES;
				CLANG_WARN_DEPRECATED_OBJC_IMPLEMENTATIONS = YES;
				CLANG_WARN_DIRECT_OBJC_ISA_USAGE = YES_ERROR;
				CLANG_WARN_DOCUMENTATION_COMMENTS = YES;
				CLANG_WARN_EMPTY_BODY = YES;
				CLANG_WARN_ENUM_CONVERSION = YES;
				CLANG_WARN_INFINITE_RECURSION = YES;
				CLANG_WARN_INT_CONVERSION = YES;
				CLANG_WARN_NON_LITERAL_NULL_CONVERSION = YES;
				CLANG_WARN_OBJC_IMPLICIT_RETAIN_SELF = YES;
				CLANG_WARN_OBJC_LITERAL_CONVERSION = YES;
				CLANG_WARN_OBJC_ROOT_CLASS = YES_ERROR;
				CLANG_WARN_QUOTED_INCLUDE_IN_FRAMEWORK_HEADER = YES;
				CLANG_WARN_RANGE_LOOP_ANALYSIS = YES;
				CLANG_WARN_STRICT_PROTOTYPES = YES;
				CLANG_WARN_SUSPICIOUS_MOVE = YES;
				CLANG_WARN_UNGUARDED_AVAILABILITY = YES_AGGRESSIVE;
				CLANG_WARN_UNREACHABLE_CODE = YES;
				CLANG_WARN__DUPLICATE_METHOD_MATCH = YES;
				COPY_PHASE_STRIP = NO;
				DEBUG_INFORMATION_FORMAT = "dwarf-with-dsym";
				ENABLE_NS_ASSERTIONS = NO;
				ENABLE_STRICT_OBJC_MSGSEND = YES;
				GCC_C_LANGUAGE_STANDARD = gnu11;
				GCC_NO_COMMON_BLOCKS = YES;
				GCC_WARN_64_TO_32_BIT_CONVERSION = YES;
				GCC_WARN_ABOUT_RETURN_TYPE = YES_ERROR;
				GCC_WARN_UNDECLARED_SELECTOR = YES;
				GCC_WARN_UNINITIALIZED_AUTOS = YES_AGGRESSIVE;
				GCC_WARN_UNUSED_FUNCTION = YES;
				GCC_WARN_UNUSED_VARIABLE = YES;
				IPHONEOS_DEPLOYMENT_TARGET = 16.2;
				MTL_ENABLE_DEBUG_INFO = NO;
				MTL_FAST_MATH = YES;
				SDKROOT = iphoneos;
				SWIFT_COMPILATION_MODE = wholemodule;
				SWIFT_OPTIMIZATION_LEVEL = "-O";
				VALIDATE_PRODUCT = YES;
			};
			name = Release;
		};
		4AB7E21229CEF332009AB21B /* Debug */ = {
			isa = XCBuildConfiguration;
			baseConfigurationReference = 77BA4FBAB3E56BD1DEAC4D54 /* Pods-Weather App.debug.xcconfig */;
			buildSettings = {
				ASSETCATALOG_COMPILER_APPICON_NAME = AppIcon;
				ASSETCATALOG_COMPILER_GLOBAL_ACCENT_COLOR_NAME = AccentColor;
				CODE_SIGN_STYLE = Automatic;
				CURRENT_PROJECT_VERSION = 1;
				GENERATE_INFOPLIST_FILE = YES;
				INFOPLIST_FILE = "Weather App/Info.plist";
				INFOPLIST_KEY_UIApplicationSupportsIndirectInputEvents = YES;
				INFOPLIST_KEY_UILaunchStoryboardName = LaunchScreen;
				INFOPLIST_KEY_UIMainStoryboardFile = Main;
				INFOPLIST_KEY_UISupportedInterfaceOrientations_iPad = "UIInterfaceOrientationPortrait UIInterfaceOrientationPortraitUpsideDown UIInterfaceOrientationLandscapeLeft UIInterfaceOrientationLandscapeRight";
				INFOPLIST_KEY_UISupportedInterfaceOrientations_iPhone = "UIInterfaceOrientationPortrait UIInterfaceOrientationLandscapeLeft UIInterfaceOrientationLandscapeRight";
				LD_RUNPATH_SEARCH_PATHS = (
					"$(inherited)",
					"@executable_path/Frameworks",
				);
				MARKETING_VERSION = 1.0;
				PRODUCT_BUNDLE_IDENTIFIER = "com.Sai.SwiftUILearning.Weather-App";
				PRODUCT_NAME = "$(TARGET_NAME)";
				SWIFT_EMIT_LOC_STRINGS = YES;
				SWIFT_VERSION = 5.0;
				TARGETED_DEVICE_FAMILY = "1,2";
			};
			name = Debug;
		};
		4AB7E21329CEF332009AB21B /* Release */ = {
			isa = XCBuildConfiguration;
			baseConfigurationReference = E125B3744BA2AFADFC5B04B7 /* Pods-Weather App.release.xcconfig */;
			buildSettings = {
				ASSETCATALOG_COMPILER_APPICON_NAME = AppIcon;
				ASSETCATALOG_COMPILER_GLOBAL_ACCENT_COLOR_NAME = AccentColor;
				CODE_SIGN_STYLE = Automatic;
				CURRENT_PROJECT_VERSION = 1;
				GENERATE_INFOPLIST_FILE = YES;
				INFOPLIST_FILE = "Weather App/Info.plist";
				INFOPLIST_KEY_UIApplicationSupportsIndirectInputEvents = YES;
				INFOPLIST_KEY_UILaunchStoryboardName = LaunchScreen;
				INFOPLIST_KEY_UIMainStoryboardFile = Main;
				INFOPLIST_KEY_UISupportedInterfaceOrientations_iPad = "UIInterfaceOrientationPortrait UIInterfaceOrientationPortraitUpsideDown UIInterfaceOrientationLandscapeLeft UIInterfaceOrientationLandscapeRight";
				INFOPLIST_KEY_UISupportedInterfaceOrientations_iPhone = "UIInterfaceOrientationPortrait UIInterfaceOrientationLandscapeLeft UIInterfaceOrientationLandscapeRight";
				LD_RUNPATH_SEARCH_PATHS = (
					"$(inherited)",
					"@executable_path/Frameworks",
				);
				MARKETING_VERSION = 1.0;
				PRODUCT_BUNDLE_IDENTIFIER = "com.Sai.SwiftUILearning.Weather-App";
				PRODUCT_NAME = "$(TARGET_NAME)";
				SWIFT_EMIT_LOC_STRINGS = YES;
				SWIFT_VERSION = 5.0;
				TARGETED_DEVICE_FAMILY = "1,2";
			};
			name = Release;
		};
		4AB7E21529CEF332009AB21B /* Debug */ = {
			isa = XCBuildConfiguration;
			baseConfigurationReference = F380B22E19C2BC7E5FE3B9B9 /* Pods-Weather AppTests.debug.xcconfig */;
			buildSettings = {
				ALWAYS_EMBED_SWIFT_STANDARD_LIBRARIES = YES;
				BUNDLE_LOADER = "$(TEST_HOST)";
				CODE_SIGN_STYLE = Automatic;
				CURRENT_PROJECT_VERSION = 1;
				GENERATE_INFOPLIST_FILE = YES;
				IPHONEOS_DEPLOYMENT_TARGET = 16.2;
				MARKETING_VERSION = 1.0;
				PRODUCT_BUNDLE_IDENTIFIER = "com.Sai.SwiftUILearning.Weather-AppTests";
				PRODUCT_NAME = "$(TARGET_NAME)";
				SWIFT_EMIT_LOC_STRINGS = NO;
				SWIFT_VERSION = 5.0;
				TARGETED_DEVICE_FAMILY = "1,2";
				TEST_HOST = "$(BUILT_PRODUCTS_DIR)/Weather App.app/$(BUNDLE_EXECUTABLE_FOLDER_PATH)/Weather App";
			};
			name = Debug;
		};
		4AB7E21629CEF332009AB21B /* Release */ = {
			isa = XCBuildConfiguration;
			baseConfigurationReference = B93DB452D591765F749439F3 /* Pods-Weather AppTests.release.xcconfig */;
			buildSettings = {
				ALWAYS_EMBED_SWIFT_STANDARD_LIBRARIES = YES;
				BUNDLE_LOADER = "$(TEST_HOST)";
				CODE_SIGN_STYLE = Automatic;
				CURRENT_PROJECT_VERSION = 1;
				GENERATE_INFOPLIST_FILE = YES;
				IPHONEOS_DEPLOYMENT_TARGET = 16.2;
				MARKETING_VERSION = 1.0;
				PRODUCT_BUNDLE_IDENTIFIER = "com.Sai.SwiftUILearning.Weather-AppTests";
				PRODUCT_NAME = "$(TARGET_NAME)";
				SWIFT_EMIT_LOC_STRINGS = NO;
				SWIFT_VERSION = 5.0;
				TARGETED_DEVICE_FAMILY = "1,2";
				TEST_HOST = "$(BUILT_PRODUCTS_DIR)/Weather App.app/$(BUNDLE_EXECUTABLE_FOLDER_PATH)/Weather App";
			};
			name = Release;
		};
		4AB7E21829CEF332009AB21B /* Debug */ = {
			isa = XCBuildConfiguration;
			baseConfigurationReference = DCAB56915E26C6261B9247DE /* Pods-Weather App-Weather AppUITests.debug.xcconfig */;
			buildSettings = {
				ALWAYS_EMBED_SWIFT_STANDARD_LIBRARIES = YES;
				CODE_SIGN_STYLE = Automatic;
				CURRENT_PROJECT_VERSION = 1;
				GENERATE_INFOPLIST_FILE = YES;
				MARKETING_VERSION = 1.0;
				PRODUCT_BUNDLE_IDENTIFIER = "com.Sai.SwiftUILearning.Weather-AppUITests";
				PRODUCT_NAME = "$(TARGET_NAME)";
				SWIFT_EMIT_LOC_STRINGS = NO;
				SWIFT_VERSION = 5.0;
				TARGETED_DEVICE_FAMILY = "1,2";
				TEST_TARGET_NAME = "Weather App";
			};
			name = Debug;
		};
		4AB7E21929CEF332009AB21B /* Release */ = {
			isa = XCBuildConfiguration;
			baseConfigurationReference = 6C0EDBC0A1EB196926C78002 /* Pods-Weather App-Weather AppUITests.release.xcconfig */;
			buildSettings = {
				ALWAYS_EMBED_SWIFT_STANDARD_LIBRARIES = YES;
				CODE_SIGN_STYLE = Automatic;
				CURRENT_PROJECT_VERSION = 1;
				GENERATE_INFOPLIST_FILE = YES;
				MARKETING_VERSION = 1.0;
				PRODUCT_BUNDLE_IDENTIFIER = "com.Sai.SwiftUILearning.Weather-AppUITests";
				PRODUCT_NAME = "$(TARGET_NAME)";
				SWIFT_EMIT_LOC_STRINGS = NO;
				SWIFT_VERSION = 5.0;
				TARGETED_DEVICE_FAMILY = "1,2";
				TEST_TARGET_NAME = "Weather App";
			};
			name = Release;
		};
/* End XCBuildConfiguration section */

/* Begin XCConfigurationList section */
		4AB7E1E229CEF331009AB21B /* Build configuration list for PBXProject "Weather App" */ = {
			isa = XCConfigurationList;
			buildConfigurations = (
				4AB7E20F29CEF332009AB21B /* Debug */,
				4AB7E21029CEF332009AB21B /* Release */,
			);
			defaultConfigurationIsVisible = 0;
			defaultConfigurationName = Release;
		};
		4AB7E21129CEF332009AB21B /* Build configuration list for PBXNativeTarget "Weather App" */ = {
			isa = XCConfigurationList;
			buildConfigurations = (
				4AB7E21229CEF332009AB21B /* Debug */,
				4AB7E21329CEF332009AB21B /* Release */,
			);
			defaultConfigurationIsVisible = 0;
			defaultConfigurationName = Release;
		};
		4AB7E21429CEF332009AB21B /* Build configuration list for PBXNativeTarget "Weather AppTests" */ = {
			isa = XCConfigurationList;
			buildConfigurations = (
				4AB7E21529CEF332009AB21B /* Debug */,
				4AB7E21629CEF332009AB21B /* Release */,
			);
			defaultConfigurationIsVisible = 0;
			defaultConfigurationName = Release;
		};
		4AB7E21729CEF332009AB21B /* Build configuration list for PBXNativeTarget "Weather AppUITests" */ = {
			isa = XCConfigurationList;
			buildConfigurations = (
				4AB7E21829CEF332009AB21B /* Debug */,
				4AB7E21929CEF332009AB21B /* Release */,
			);
			defaultConfigurationIsVisible = 0;
			defaultConfigurationName = Release;
		};
/* End XCConfigurationList section */
	};
	rootObject = 4AB7E1DF29CEF331009AB21B /* Project object */;
}
